<?xml version="1.0" encoding="utf-8"?>
<Project ToolsVersion="16.0" xmlns="http://schemas.microsoft.com/developer/msbuild/2003">
  <ItemGroup>
    <ClCompile Include="D:\Blender\proj\Py2Cpp\Cpp2Py\src\core\Cpp2Py.cpp">
      <Filter>Source Files</Filter>
    </ClCompile>
    <ClCompile Include="src\modules\Test.cpp" />
  </ItemGroup>
  <ItemGroup>
    <ClInclude Include="D:\Blender\proj\Py2Cpp\Cpp2Py\src\core\Cpp2Py.h">
      <Filter>Header Files</Filter>
    </ClInclude>
    <ClInclude Include="src\modules\Test.h" />
  </ItemGroup>
  <ItemGroup>
    <CustomBuild Include="D:\Blender\proj\Py2Cpp\Cpp2Py\CMakeLists.txt" />
  </ItemGroup>
  <ItemGroup>
    <Filter Include="Header Files">
      <UniqueIdentifier>{6DEF4C8F-3A5C-39FD-8F06-BB84657B622F}</UniqueIdentifier>
    </Filter>
    <Filter Include="Source Files">
      <UniqueIdentifier>{D2AEC0BC-BF27-3C9A-A7DA-6BD309501A4B}</UniqueIdentifier>
    </Filter>
  </ItemGroup>
  <ItemGroup>
    <None Include="Compile.bat" />
    <None Include=".gitignore" />
  </ItemGroup>
</Project>